{
  "nodes": {
    "dwarffs": {
      "inputs": {
        "nix": [
          "nix"
        ],
        "nixpkgs": [
          "nixpkgs"
        ]
      },
      "locked": {
        "lastModified": 1597153508,
        "narHash": "sha256-VHg3MYVgQ12LeRSU2PSoDeKlSPD8PYYEFxxwkVVDRd0=",
        "owner": "edolstra",
        "repo": "dwarffs",
        "rev": "d181d714fd36eb06f4992a1997cd5601e26db8f5",
        "type": "github"
      },
      "original": {
        "owner": "edolstra",
        "repo": "dwarffs",
        "type": "github"
      }
    },
    "emacs": {
      "locked": {
        "lastModified": 1599135825,
        "narHash": "sha256-2lhLGCpAqUTT69Cca57uVgkGj0ZNqpfGua5re2b4oAo=",
        "owner": "nix-community",
        "repo": "emacs-overlay",
        "rev": "a02d017277a7a967951b98586265d30aba34d973",
        "type": "github"
      },
      "original": {
        "owner": "nix-community",
        "repo": "emacs-overlay",
        "type": "github"
      }
    },
    "home": {
      "inputs": {
        "nixpkgs": [
          "nixpkgs"
        ]
      },
      "locked": {
        "lastModified": 1591751635,
        "narHash": "sha256-KgGtyFlkI/fsp+j8VEgJ/ynY9B91aX35Xp04HlDLRTo=",
        "owner": "rycee",
        "repo": "home-manager",
        "rev": "b3fee796fcd5531693d9b84ece76ad6836bb1cfa",
        "type": "github"
      },
      "original": {
        "owner": "rycee",
        "ref": "bqv-flakes",
        "repo": "home-manager",
        "type": "github"
      }
    },
    "lowdown-src": {
      "flake": false,
      "locked": {
        "lastModified": 1598296217,
        "narHash": "sha256-ha7lyNY1d8m+osmDpPc9f/bfZ3ZC1IVIXwfyklSWg8I=",
        "owner": "edolstra",
        "repo": "lowdown",
        "rev": "c7a4e715af1e233080842db82d15b261cb74cb28",
        "type": "github"
      },
      "original": {
        "owner": "edolstra",
        "ref": "no-structs-in-anonymous-unions",
        "repo": "lowdown",
        "type": "github"
      }
    },
    "mozilla": {
      "flake": false,
      "locked": {
        "lastModified": 1594829078,
        "narHash": "sha256-yRCkO499a5gucHmxgWb/QDqPt/UBTbuPURuPZ9DLmIc=",
        "owner": "mozilla",
        "repo": "nixpkgs-mozilla",
        "rev": "efda5b357451dbb0431f983cca679ae3cd9b9829",
        "type": "github"
      },
      "original": {
        "owner": "mozilla",
        "repo": "nixpkgs-mozilla",
        "type": "github"
      }
    },
    "nix": {
      "inputs": {
        "lowdown-src": "lowdown-src",
        "nixpkgs": [
          "nixpkgs"
        ]
      },
      "locked": {
        "lastModified": 1599125415,
        "narHash": "sha256-f5Dx9hfO06239HILkfD3qntrj2EZt8kNAF9NHeAJyoI=",
        "owner": "NixOS",
        "repo": "nix",
        "rev": "8a945d6ddb0676b454458e6fe0e9ea6f8b4b5659",
        "type": "github"
      },
      "original": {
        "owner": "NixOS",
        "ref": "master",
        "repo": "nix",
        "type": "github"
      }
    },
    "nixos-stable": {
      "locked": {
        "lastModified": 1598238449,
        "narHash": "sha256-Oj4lmzeOhiQgqcEpeXkwANkCstiCDOtevCgg6GlcDh4=",
        "owner": "NixOS",
        "repo": "nixpkgs",
        "rev": "14006b724f3d1f25ecf38238ee723d38b0c2f4ce",
        "type": "github"
      },
      "original": {
        "owner": "NixOS",
        "ref": "nixos-20.03",
        "repo": "nixpkgs",
        "type": "github"
      }
    },
    "nixos-unstable": {
      "locked": {
        "lastModified": 1597943282,
        "narHash": "sha256-G/VQBlqO7YeFOSvn29RqdvABZxmQBtiRYVA6kjqWZ6o=",
        "owner": "NixOS",
        "repo": "nixpkgs",
        "rev": "c59ea8b8a0e7f927e7291c14ea6cd1bd3a16ff38",
        "type": "github"
      },
      "original": {
        "owner": "NixOS",
        "ref": "nixos-unstable",
        "repo": "nixpkgs",
        "type": "github"
      }
    },
    "nixpkgs": {
      "locked": {
        "lastModified": 1599141588,
        "narHash": "sha256-bhvyxuSF66M5OnQtwMkfUWo9qCAduJr9NBIqcqK/Ba8=",
        "owner": "NixOS",
        "repo": "nixpkgs",
        "rev": "9fd106a33cb26bc9d6c4fcd329dd3cba5b63e914",
        "type": "github"
      },
      "original": {
        "owner": "NixOS",
        "ref": "master",
        "repo": "nixpkgs",
        "type": "github"
      }
    },
    "root": {
      "inputs": {
        "dwarffs": "dwarffs",
        "emacs": "emacs",
        "home": "home",
        "mozilla": "mozilla",
        "nix": "nix",
        "nixos-stable": "nixos-stable",
        "nixos-unstable": "nixos-unstable",
        "nixpkgs": "nixpkgs",
        "wayland": "wayland"
      }
    },
    "wayland": {
      "inputs": {
        "cachix": [
          "nixpkgs"
        ],
        "nixpkgs": [
          "nixos-unstable"
        ]
      },
      "locked": {
        "lastModified": 1599145425,
        "narHash": "sha256-btH8Eb0m5CqmUMT5SXjrKWAVF1lgW+8pTnsOwdCcf8A=",
        "owner": "colemickens",
        "repo": "nixpkgs-wayland",
        "rev": "69b9088d374f16986c58c2152104e470f9b6b2ac",
        "type": "github"
      },
      "original": {
        "owner": "colemickens",
        "repo": "nixpkgs-wayland",
        "type": "github"
      }
    }
  },
  "root": "root",
  "version": 7
}
