{
  "nodes": {
    "dwarffs": {
      "inputs": {
        "nix": [
          "nix"
        ],
        "nixpkgs": [
          "nixpkgs"
        ]
      },
      "locked": {
        "lastModified": 1597153508,
        "narHash": "sha256-VHg3MYVgQ12LeRSU2PSoDeKlSPD8PYYEFxxwkVVDRd0=",
        "owner": "edolstra",
        "repo": "dwarffs",
        "rev": "d181d714fd36eb06f4992a1997cd5601e26db8f5",
        "type": "github"
      },
      "original": {
        "owner": "edolstra",
        "repo": "dwarffs",
        "type": "github"
      }
    },
    "emacs": {
      "locked": {
        "lastModified": 1597854158,
        "narHash": "sha256-MzJYYwsCniGxbMAoahXToYPm57TeKVXk7eBd3dnTOHY=",
        "owner": "nix-community",
        "repo": "emacs-overlay",
        "rev": "0f6995f9129d2240b45e6d192444f64d3a6b35a6",
        "type": "github"
      },
      "original": {
        "owner": "nix-community",
        "repo": "emacs-overlay",
        "type": "github"
      }
    },
    "home": {
      "inputs": {
        "nixpkgs": [
          "nixpkgs"
        ]
      },
      "locked": {
        "lastModified": 1591751635,
        "narHash": "sha256-KgGtyFlkI/fsp+j8VEgJ/ynY9B91aX35Xp04HlDLRTo=",
        "owner": "rycee",
        "repo": "home-manager",
        "rev": "b3fee796fcd5531693d9b84ece76ad6836bb1cfa",
        "type": "github"
      },
      "original": {
        "owner": "rycee",
        "ref": "bqv-flakes",
        "repo": "home-manager",
        "type": "github"
      }
    },
    "mozilla": {
      "flake": false,
      "locked": {
        "lastModified": 1594829078,
        "narHash": "sha256-yRCkO499a5gucHmxgWb/QDqPt/UBTbuPURuPZ9DLmIc=",
        "owner": "mozilla",
        "repo": "nixpkgs-mozilla",
        "rev": "efda5b357451dbb0431f983cca679ae3cd9b9829",
        "type": "github"
      },
      "original": {
        "owner": "mozilla",
        "repo": "nixpkgs-mozilla",
        "type": "github"
      }
    },
    "nix": {
      "inputs": {
        "nixpkgs": [
          "nixpkgs"
        ]
      },
      "locked": {
        "lastModified": 1597760477,
        "narHash": "sha256-PbR5b3sBTtwEjPy5Drq8GmlUaHUs9bCtykua0xhPx38=",
        "owner": "nixos",
        "repo": "nix",
        "rev": "1c8b550e34414d0f4cb0fa20322a2dfe06ce2de0",
        "type": "github"
      },
      "original": {
        "owner": "nixos",
        "ref": "master",
        "repo": "nix",
        "type": "github"
      }
    },
    "nixos-unstable": {
      "locked": {
        "lastModified": 1597682354,
        "narHash": "sha256-6J4Q9gYzIuYUjn9MLJvte5KY2ZBpQ+3prsSz+r/8le0=",
        "owner": "NixOS",
        "repo": "nixpkgs",
        "rev": "1e3f09feaa5667be4ed6eca96a984b4642420b83",
        "type": "github"
      },
      "original": {
        "owner": "NixOS",
        "ref": "nixos-unstable",
        "repo": "nixpkgs",
        "type": "github"
      }
    },
    "nixpkgs": {
      "locked": {
        "lastModified": 1597888856,
        "narHash": "sha256-cTqFlmCsD/7DJ6ExCOHcUZLDvnWj2IZkO+gVo6Ou3do=",
        "owner": "NixOS",
        "repo": "nixpkgs",
        "rev": "86b9cafcfc11cfe490c2f82956d730b389e76d69",
        "type": "github"
      },
      "original": {
        "owner": "NixOS",
        "ref": "master",
        "repo": "nixpkgs",
        "type": "github"
      }
    },
    "root": {
      "inputs": {
        "dwarffs": "dwarffs",
        "emacs": "emacs",
        "home": "home",
        "mozilla": "mozilla",
        "nix": "nix",
        "nixos-unstable": "nixos-unstable",
        "nixpkgs": "nixpkgs"
      }
    }
  },
  "root": "root",
  "version": 7
}
