{
  "nodes": {
    "dwarffs": {
      "inputs": {
        "nix": [
          "nix"
        ],
        "nixpkgs": [
          "nixos-unstable-small"
        ]
      },
      "locked": {
        "lastModified": 1597153508,
        "narHash": "sha256-VHg3MYVgQ12LeRSU2PSoDeKlSPD8PYYEFxxwkVVDRd0=",
        "owner": "edolstra",
        "repo": "dwarffs",
        "rev": "d181d714fd36eb06f4992a1997cd5601e26db8f5",
        "type": "github"
      },
      "original": {
        "owner": "edolstra",
        "repo": "dwarffs",
        "type": "github"
      }
    },
    "emacs": {
      "locked": {
        "lastModified": 1607242764,
        "narHash": "sha256-qYambIdYyiNSFDWIiiM965/nRjtgpHR+xewJqJpU3Mk=",
        "owner": "nix-community",
        "repo": "emacs-overlay",
        "rev": "bdd9e8495bf88916f03801c53a38d074e08e0277",
        "type": "github"
      },
      "original": {
        "owner": "nix-community",
        "repo": "emacs-overlay",
        "type": "github"
      }
    },
    "home": {
      "inputs": {
        "nixpkgs": [
          "nixos-unstable-small"
        ]
      },
      "locked": {
        "lastModified": 1607156297,
        "narHash": "sha256-rRu3Nq3oRAaDDgJuNQhH7wD+rQfYoviNhrpqXyOlJjI=",
        "owner": "rycee",
        "repo": "home-manager",
        "rev": "275d1b52126674764f0f3d15c73c2add511bd310",
        "type": "github"
      },
      "original": {
        "owner": "rycee",
        "repo": "home-manager",
        "type": "github"
      }
    },
    "lowdown-src": {
      "flake": false,
      "locked": {
        "lastModified": 1598695561,
        "narHash": "sha256-gyH/5j+h/nWw0W8AcR2WKvNBUsiQ7QuxqSJNXAwV+8E=",
        "owner": "kristapsdz",
        "repo": "lowdown",
        "rev": "1705b4a26fbf065d9574dce47a94e8c7c79e052f",
        "type": "github"
      },
      "original": {
        "owner": "kristapsdz",
        "repo": "lowdown",
        "type": "github"
      }
    },
    "mozilla": {
      "flake": false,
      "locked": {
        "lastModified": 1603906276,
        "narHash": "sha256-RsNPnEKd7BcogwkqhaV5kI/HuNC4flH/OQCC/4W5y/8=",
        "owner": "mozilla",
        "repo": "nixpkgs-mozilla",
        "rev": "8c007b60731c07dd7a052cce508de3bb1ae849b4",
        "type": "github"
      },
      "original": {
        "owner": "mozilla",
        "repo": "nixpkgs-mozilla",
        "type": "github"
      }
    },
    "nix": {
      "inputs": {
        "lowdown-src": "lowdown-src",
        "nixpkgs": [
          "nixos-stable"
        ]
      },
      "locked": {
        "lastModified": 1607159837,
        "narHash": "sha256-QCjQbblVC7WUjjYPmuQr9xPYlJ1CMnUC4+m2Ra3MRY8=",
        "owner": "NixOS",
        "repo": "nix",
        "rev": "1d1a85eb0adb54cd4aa01bede9bcf0835f6cbb65",
        "type": "github"
      },
      "original": {
        "owner": "NixOS",
        "ref": "master",
        "repo": "nix",
        "type": "github"
      }
    },
    "nixos-stable": {
      "locked": {
        "lastModified": 1607090121,
        "narHash": "sha256-r14mpknWo8u511sd8v5glDeH1PcJF8ZjhUyv423p81k=",
        "owner": "NixOS",
        "repo": "nixpkgs",
        "rev": "e34208e10033315fddf6909d3ff68e2d3cf48a23",
        "type": "github"
      },
      "original": {
        "owner": "NixOS",
        "ref": "nixos-20.09",
        "repo": "nixpkgs",
        "type": "github"
      }
    },
    "nixos-unstable": {
      "locked": {
        "lastModified": 1606984864,
        "narHash": "sha256-yTz6tNbjOz7ezTw/r+M9CgYlfXczEtPlLnwkk2D0CUg=",
        "owner": "NixOS",
        "repo": "nixpkgs",
        "rev": "296793637b22bdb4d23b479879eba0a71c132a66",
        "type": "github"
      },
      "original": {
        "owner": "NixOS",
        "ref": "nixos-unstable",
        "repo": "nixpkgs",
        "type": "github"
      }
    },
    "nixos-unstable-small": {
      "locked": {
        "lastModified": 1607229989,
        "narHash": "sha256-3HZsQnLqjEJXPftwkBWhTgoyb4kdbg7d6HSmkmgTCII=",
        "owner": "NixOS",
        "repo": "nixpkgs",
        "rev": "bb2a7b943917aba1c9c86f049e75a4a594040746",
        "type": "github"
      },
      "original": {
        "owner": "NixOS",
        "ref": "nixos-unstable-small",
        "repo": "nixpkgs",
        "type": "github"
      }
    },
    "nixpkgs": {
      "locked": {
        "lastModified": 1607255337,
        "narHash": "sha256-71cCozzzyeNFkJ0MNziZUd1SK9EEIXTly1ZIDMSApKw=",
        "owner": "NixOS",
        "repo": "nixpkgs",
        "rev": "336fd6292016e41140c29b1657545071db87e6fd",
        "type": "github"
      },
      "original": {
        "owner": "NixOS",
        "ref": "master",
        "repo": "nixpkgs",
        "type": "github"
      }
    },
    "root": {
      "inputs": {
        "dwarffs": "dwarffs",
        "emacs": "emacs",
        "home": "home",
        "mozilla": "mozilla",
        "nix": "nix",
        "nixos-stable": "nixos-stable",
        "nixos-unstable": "nixos-unstable",
        "nixos-unstable-small": "nixos-unstable-small",
        "nixpkgs": "nixpkgs",
        "wayland": "wayland"
      }
    },
    "unstableSmall": {
      "locked": {
        "lastModified": 1607229989,
        "narHash": "sha256-3HZsQnLqjEJXPftwkBWhTgoyb4kdbg7d6HSmkmgTCII=",
        "owner": "nixos",
        "repo": "nixpkgs",
        "rev": "bb2a7b943917aba1c9c86f049e75a4a594040746",
        "type": "github"
      },
      "original": {
        "owner": "nixos",
        "ref": "nixos-unstable-small",
        "repo": "nixpkgs",
        "type": "github"
      }
    },
    "wayland": {
      "inputs": {
        "cachix": [
          "nixpkgs"
        ],
        "nixpkgs": [
          "nixos-unstable-small"
        ],
        "unstableSmall": "unstableSmall"
      },
      "locked": {
        "lastModified": 1607245778,
        "narHash": "sha256-7M3eKBZnrpq7yRvoDmqlFbHBga6NRLp8scBTPhdPlmw=",
        "owner": "colemickens",
        "repo": "nixpkgs-wayland",
        "rev": "ec489928b15c58dade064a88c7717da3e513f38c",
        "type": "github"
      },
      "original": {
        "owner": "colemickens",
        "repo": "nixpkgs-wayland",
        "type": "github"
      }
    }
  },
  "root": "root",
  "version": 7
}
